
Microsoft Visual Studio Solution File, Format Version 12.00
# Visual Studio 2017
Project("{FAE04EC0-301F-11D3-BF4B-00C04F79EFBC}") = "KinectUnity", "KinectUnity.csproj", "{332A84E9-A1E2-C3F5-53CE-3733AFC1E3CB}"
EndProject
Global
	GlobalSection(SolutionConfigurationPlatforms) = preSolution
		Debug|Any CPU = Debug|Any CPU
		Release|Any CPU = Release|Any CPU
	EndGlobalSection
	GlobalSection(ProjectConfigurationPlatforms) = postSolution
		{332A84E9-A1E2-C3F5-53CE-3733AFC1E3CB}.Debug|Any CPU.ActiveCfg = Debug|Any CPU
		{332A84E9-A1E2-C3F5-53CE-3733AFC1E3CB}.Debug|Any CPU.Build.0 = Debug|Any CPU
		{332A84E9-A1E2-C3F5-53CE-3733AFC1E3CB}.Release|Any CPU.ActiveCfg = Release|Any CPU
		{332A84E9-A1E2-C3F5-53CE-3733AFC1E3CB}.Release|Any CPU.Build.0 = Release|Any CPU
	EndGlobalSection
	GlobalSection(SolutionProperties) = preSolution
		HideSolutionNode = FALSE
	EndGlobalSection
EndGlobal
